github.com/RomanOrlovDev/gomodenabled v0.0.0-20220719195713-acefaba124c4 h1:djymqVej95kMTmJAiLx6cg+JKJ1yqBJLT3okJ+rwb60=
github.com/RomanOrlovDev/gomodenabled v0.0.0-20220719195713-acefaba124c4/go.mod h1:4ggTKGuJYKL1pV+31BmD50V0WiDbC//8ngrrtx6GgsE=
github.com/RomanOrlovDev/gomodenabled v0.0.0-20220719202224-431096731326 h1:dNd9kDx+tmo5QnqeJjopHddsTN+HdHTQGZ7TEzh+4S4=
github.com/RomanOrlovDev/gomodenabled v0.0.0-20220719202224-431096731326/go.mod h1:cR6kdvpkVBid5ALN6Ef5dIwrzussS20z/R1RyNYS+wc=
github.com/google/uuid v1.0.0 h1:b4Gk+7WdP/d3HZH8EJsZpvV7EtDOgaZLtnaNGIu1adA=
github.com/google/uuid v1.0.0/go.mod h1:TIyPZe4MgqvfeYDBFedMoGGpEw/LqOeaOT+nhxU+yHo=
github.com/pborman/uuid v1.2.1 h1:+ZZIw58t/ozdjRaXh/3awHfmWRbzYxJoAdNJxe/3pvw=
github.com/pborman/uuid v1.2.1/go.mod h1:X/NO0urCmaxf9VXbdlT7C2Yzkj2IKimNn4k+gtPdI/k=
